
Microsoft Visual Studio Solution File, Format Version 12.00
# Visual Studio 15
VisualStudioVersion = 15.0.26430.12
MinimumVisualStudioVersion = 10.0.40219.1
Project("{2150E333-8FDC-42A3-9474-1A3956D46DE8}") = "01 Core", "01 Core", "{3AF329B2-700F-4D78-8478-B867F005B8FA}"
EndProject
Project("{2150E333-8FDC-42A3-9474-1A3956D46DE8}") = "02 Entity", "02 Entity", "{D851CE1E-5DF8-4E9C-889C-19584AAE5DD0}"
EndProject
Project("{2150E333-8FDC-42A3-9474-1A3956D46DE8}") = "03 Service", "03 Service", "{1D1C82E4-2E8E-41EC-A9F4-81887DE29D1A}"
EndProject
Project("{2150E333-8FDC-42A3-9474-1A3956D46DE8}") = "04 Business", "04 Business", "{2C21FA8C-21C6-4509-A400-B25DD0E8C3CF}"
EndProject
Project("{2150E333-8FDC-42A3-9474-1A3956D46DE8}") = "05 Adapter", "05 Adapter", "{934F57BB-DFAA-4864-9123-DB43C2104B41}"
EndProject
Project("{2150E333-8FDC-42A3-9474-1A3956D46DE8}") = "06 Application", "06 Application", "{DB3903B8-B2AE-40EA-B30F-3630D5298F80}"
EndProject
Project("{2150E333-8FDC-42A3-9474-1A3956D46DE8}") = "07 JobService", "07 JobService", "{656DADAB-D0CB-41D6-B95D-E4ABA4D91564}"
EndProject
Project("{2150E333-8FDC-42A3-9474-1A3956D46DE8}") = "08 Test", "08 Test", "{F526EF63-14CA-4553-9C26-ABEA8D7BF1DB}"
EndProject
Project("{FAE04EC0-301F-11D3-BF4B-00C04F79EFBC}") = "MySite.API", "MySite.API\MySite.API.csproj", "{BCB0C0F3-1DE0-4CA9-A44D-ECA264B6E45C}"
EndProject
Project("{FAE04EC0-301F-11D3-BF4B-00C04F79EFBC}") = "MySite.Caching", "MySite.Caching\MySite.Caching.csproj", "{580593E9-AB44-41EF-8BBB-2D50A71B5F6E}"
EndProject
Project("{FAE04EC0-301F-11D3-BF4B-00C04F79EFBC}") = "MySite.Caching.Redis", "MySite.Caching.Redis\MySite.Caching.Redis.csproj", "{B4E5B5FD-9747-4A91-88C8-C9CE1F44C3A0}"
EndProject
Project("{FAE04EC0-301F-11D3-BF4B-00C04F79EFBC}") = "MySite.Core", "MySite.Core\MySite.Core.csproj", "{596A017E-2524-4800-9BD4-171193D5F042}"
EndProject
Project("{FAE04EC0-301F-11D3-BF4B-00C04F79EFBC}") = "Titan", "Titan\Titan.csproj", "{0BC8D532-2680-4634-ADD1-46392736E193}"
EndProject
Project("{FAE04EC0-301F-11D3-BF4B-00C04F79EFBC}") = "MySite.Model", "MySite.Model\MySite.Model.csproj", "{396C3673-2017-4918-9C7C-02F1C81A2DCF}"
EndProject
Project("{FAE04EC0-301F-11D3-BF4B-00C04F79EFBC}") = "MySite.Service", "MySite.Service\MySite.Service.csproj", "{859FC5F0-998E-473E-94D1-8F7A61802840}"
EndProject
Project("{FAE04EC0-301F-11D3-BF4B-00C04F79EFBC}") = "MySite.Business", "MySite.Business\MySite.Business.csproj", "{19AEF798-D355-4441-85FE-1508986D225B}"
EndProject
Project("{FAE04EC0-301F-11D3-BF4B-00C04F79EFBC}") = "MySite.Test", "MySite.Test\MySite.Test.csproj", "{0F2F2651-ED6C-412C-8B67-66EFA9D27CA6}"
EndProject
Global
	GlobalSection(SolutionConfigurationPlatforms) = preSolution
		Debug|Any CPU = Debug|Any CPU
		Release|Any CPU = Release|Any CPU
	EndGlobalSection
	GlobalSection(ProjectConfigurationPlatforms) = postSolution
		{BCB0C0F3-1DE0-4CA9-A44D-ECA264B6E45C}.Debug|Any CPU.ActiveCfg = Debug|Any CPU
		{BCB0C0F3-1DE0-4CA9-A44D-ECA264B6E45C}.Debug|Any CPU.Build.0 = Debug|Any CPU
		{BCB0C0F3-1DE0-4CA9-A44D-ECA264B6E45C}.Release|Any CPU.ActiveCfg = Release|Any CPU
		{BCB0C0F3-1DE0-4CA9-A44D-ECA264B6E45C}.Release|Any CPU.Build.0 = Release|Any CPU
		{580593E9-AB44-41EF-8BBB-2D50A71B5F6E}.Debug|Any CPU.ActiveCfg = Debug|Any CPU
		{580593E9-AB44-41EF-8BBB-2D50A71B5F6E}.Debug|Any CPU.Build.0 = Debug|Any CPU
		{580593E9-AB44-41EF-8BBB-2D50A71B5F6E}.Release|Any CPU.ActiveCfg = Release|Any CPU
		{580593E9-AB44-41EF-8BBB-2D50A71B5F6E}.Release|Any CPU.Build.0 = Release|Any CPU
		{B4E5B5FD-9747-4A91-88C8-C9CE1F44C3A0}.Debug|Any CPU.ActiveCfg = Debug|Any CPU
		{B4E5B5FD-9747-4A91-88C8-C9CE1F44C3A0}.Debug|Any CPU.Build.0 = Debug|Any CPU
		{B4E5B5FD-9747-4A91-88C8-C9CE1F44C3A0}.Release|Any CPU.ActiveCfg = Release|Any CPU
		{B4E5B5FD-9747-4A91-88C8-C9CE1F44C3A0}.Release|Any CPU.Build.0 = Release|Any CPU
		{596A017E-2524-4800-9BD4-171193D5F042}.Debug|Any CPU.ActiveCfg = Debug|Any CPU
		{596A017E-2524-4800-9BD4-171193D5F042}.Debug|Any CPU.Build.0 = Debug|Any CPU
		{596A017E-2524-4800-9BD4-171193D5F042}.Release|Any CPU.ActiveCfg = Release|Any CPU
		{596A017E-2524-4800-9BD4-171193D5F042}.Release|Any CPU.Build.0 = Release|Any CPU
		{0BC8D532-2680-4634-ADD1-46392736E193}.Debug|Any CPU.ActiveCfg = Debug|Any CPU
		{0BC8D532-2680-4634-ADD1-46392736E193}.Debug|Any CPU.Build.0 = Debug|Any CPU
		{0BC8D532-2680-4634-ADD1-46392736E193}.Release|Any CPU.ActiveCfg = Release|Any CPU
		{0BC8D532-2680-4634-ADD1-46392736E193}.Release|Any CPU.Build.0 = Release|Any CPU
		{396C3673-2017-4918-9C7C-02F1C81A2DCF}.Debug|Any CPU.ActiveCfg = Debug|Any CPU
		{396C3673-2017-4918-9C7C-02F1C81A2DCF}.Debug|Any CPU.Build.0 = Debug|Any CPU
		{396C3673-2017-4918-9C7C-02F1C81A2DCF}.Release|Any CPU.ActiveCfg = Release|Any CPU
		{396C3673-2017-4918-9C7C-02F1C81A2DCF}.Release|Any CPU.Build.0 = Release|Any CPU
		{859FC5F0-998E-473E-94D1-8F7A61802840}.Debug|Any CPU.ActiveCfg = Debug|Any CPU
		{859FC5F0-998E-473E-94D1-8F7A61802840}.Debug|Any CPU.Build.0 = Debug|Any CPU
		{859FC5F0-998E-473E-94D1-8F7A61802840}.Release|Any CPU.ActiveCfg = Release|Any CPU
		{859FC5F0-998E-473E-94D1-8F7A61802840}.Release|Any CPU.Build.0 = Release|Any CPU
		{19AEF798-D355-4441-85FE-1508986D225B}.Debug|Any CPU.ActiveCfg = Debug|Any CPU
		{19AEF798-D355-4441-85FE-1508986D225B}.Debug|Any CPU.Build.0 = Debug|Any CPU
		{19AEF798-D355-4441-85FE-1508986D225B}.Release|Any CPU.ActiveCfg = Release|Any CPU
		{19AEF798-D355-4441-85FE-1508986D225B}.Release|Any CPU.Build.0 = Release|Any CPU
		{0F2F2651-ED6C-412C-8B67-66EFA9D27CA6}.Debug|Any CPU.ActiveCfg = Debug|Any CPU
		{0F2F2651-ED6C-412C-8B67-66EFA9D27CA6}.Debug|Any CPU.Build.0 = Debug|Any CPU
		{0F2F2651-ED6C-412C-8B67-66EFA9D27CA6}.Release|Any CPU.ActiveCfg = Release|Any CPU
		{0F2F2651-ED6C-412C-8B67-66EFA9D27CA6}.Release|Any CPU.Build.0 = Release|Any CPU
	EndGlobalSection
	GlobalSection(SolutionProperties) = preSolution
		HideSolutionNode = FALSE
	EndGlobalSection
	GlobalSection(NestedProjects) = preSolution
		{BCB0C0F3-1DE0-4CA9-A44D-ECA264B6E45C} = {DB3903B8-B2AE-40EA-B30F-3630D5298F80}
		{580593E9-AB44-41EF-8BBB-2D50A71B5F6E} = {3AF329B2-700F-4D78-8478-B867F005B8FA}
		{B4E5B5FD-9747-4A91-88C8-C9CE1F44C3A0} = {3AF329B2-700F-4D78-8478-B867F005B8FA}
		{596A017E-2524-4800-9BD4-171193D5F042} = {3AF329B2-700F-4D78-8478-B867F005B8FA}
		{0BC8D532-2680-4634-ADD1-46392736E193} = {934F57BB-DFAA-4864-9123-DB43C2104B41}
		{396C3673-2017-4918-9C7C-02F1C81A2DCF} = {D851CE1E-5DF8-4E9C-889C-19584AAE5DD0}
		{859FC5F0-998E-473E-94D1-8F7A61802840} = {1D1C82E4-2E8E-41EC-A9F4-81887DE29D1A}
		{19AEF798-D355-4441-85FE-1508986D225B} = {2C21FA8C-21C6-4509-A400-B25DD0E8C3CF}
		{0F2F2651-ED6C-412C-8B67-66EFA9D27CA6} = {F526EF63-14CA-4553-9C26-ABEA8D7BF1DB}
	EndGlobalSection
EndGlobal
